{
  "name": "client",
  "version": "0.1.1",
  "lockfileVersion": 1,
  "requires": true,
  "dependencies": {
    "@material-ui/core": {
      "version": "4.11.0",
      "resolved": "https://registry.npmjs.org/@material-ui/core/-/core-4.11.0.tgz",
      "integrity": "sha512-bYo9uIub8wGhZySHqLQ833zi4ZML+XCBE1XwJ8EuUVSpTWWG57Pm+YugQToJNFsEyiKFhPh8DPD0bgupz8n01g==",
      "dependencies": {
        "hoist-non-react-statics": {
          "version": "3.3.2",
          "resolved": "https://registry.npmjs.org/hoist-non-react-statics/-/hoist-non-react-statics-3.3.2.tgz",
          "integrity": "sha512-/gGivxi8JPKWNm/W0jSmzcMPpfpPLc3dY/6GxhX2hQ9iGj3aDfklV4ET7NjKpSinLpJ5vafa9iiGIEZg10SfBw=="
        }
      }
    },
    "axios": {
      "version": "0.21.1",
      "resolved": "https://registry.npmjs.org/axios/-/axios-0.21.1.tgz",
      "integrity": "sha512-dKQiRHxGD9PPRIUNIWvZhPTPpl1rf/OxTYKsqKUDjBwYylTvV7SjSHJb9ratfyzM6wCdLCOYLzs73qpg5c4iGA==",
      "requires": {
        "follow-redirects": "^1.10.0"
      },
      "dependencies": {
        "follow-redirects": {
          "version": "1.13.1",
          "resolved": "https://registry.npmjs.org/follow-redirects/-/follow-redirects-1.13.1.tgz",
          "integrity": "sha512-SSG5xmZh1mkPGyKzjZP8zLjltIfpW32Y5QpdNJyjcfGxK3qo3NDDkZOZSFiGn1A6SclQxY9GzEwAHQ3dmYRWpg=="
        }
      }
    },
    "i18next": {
      "version": "19.7.0",
      "resolved": "https://registry.npmjs.org/i18next/-/i18next-19.7.0.tgz",
      "integrity": "sha512-sxZhj6u7HbEYOMx81oGwq5MiXISRBVg2wRY3n6YIbe+HtU8ydzlGzv6ErHdrRKYxATBFssVXYbc3lNZoyB4vfA==",
      "dependencies": {
        "@babel/runtime": {
          "version": "7.11.2",
          "resolved": "https://registry.npmjs.org/@babel/runtime/-/runtime-7.11.2.tgz",
          "integrity": "sha512-TeWkU52so0mPtDcaCTxNBI/IHiz0pZgr8VEFqXFtZWpYD08ZB6FaSwVAS8MKRQAP3bYKiVjwysOJgMFY28o6Tw=="
        },
        "regenerator-runtime": {
          "version": "0.13.7",
          "resolved": "https://registry.npmjs.org/regenerator-runtime/-/regenerator-runtime-0.13.7.tgz",
          "integrity": "sha512-a54FxoJDIr27pgf7IgeQGxmqUNYrcV338lf/6gH456HZ/PhX+5BcwHXG9ajESmwe6WRO0tAzRUrRmNONWgkrew=="
        }
      }
    },
    "moment": {
      "version": "2.24.0",
      "resolved": "https://registry.npmjs.org/moment/-/moment-2.24.0.tgz",
      "integrity": "sha512-bV7f+6l2QigeBBZSM/6yTNq4P2fNpSWj/0e7jQcy87A8e7o2nAfP/34/2ky5Vw4B9S446EtIhodAzkFCcR4dQg=="
    },
    "qrcode.react": {
      "version": "1.0.0",
      "resolved": "https://registry.npmjs.org/qrcode.react/-/qrcode.react-1.0.0.tgz",
      "integrity": "sha512-jBXleohRTwvGBe1ngV+62QvEZ/9IZqQivdwzo9pJM4LQMoCM2VnvNBnKdjvGnKyDZ/l0nCDgsPod19RzlPvm/Q=="
    },
    "react": {
      "version": "16.8.6",
      "resolved": "https://registry.npmjs.org/react/-/react-16.8.6.tgz",
      "integrity": "sha512-pC0uMkhLaHm11ZSJULfOBqV4tIZkx87ZLvbbQYunNixAAvjnC+snJCg0XQXn9VIsttVsbZP/H/ewzgsd5fxKXw=="
    },
    "react-dom": {
      "version": "16.8.6",
      "resolved": "https://registry.npmjs.org/react-dom/-/react-dom-16.8.6.tgz",
      "integrity": "sha512-1nL7PIq9LTL3fthPqwkvr2zY7phIPjYrT0jp4HjyEQrEROnw4dG41VVwi/wfoCneoleqrNX7iAD+pXebJZwrwA=="
    },
    "react-fontawesome": {
      "version": "1.6.1",
      "resolved": "https://registry.npmjs.org/react-fontawesome/-/react-fontawesome-1.6.1.tgz",
      "integrity": "sha1-7dzhfn3HMaoJ/UoYZoimF5OhbFw="
    },
    "react-i18next": {
      "version": "11.7.2",
      "resolved": "https://registry.npmjs.org/react-i18next/-/react-i18next-11.7.2.tgz",
      "integrity": "sha512-Djj3K3hh5Tecla2CI9rLO3TZBYGMFrGilm0JY4cLofAQONCi5TK6nVmUPKoB59n1ZffgjfgJt6zlbE9aGF6Q0Q=="
    },
    "react-qr-reader": {
      "version": "2.2.1",
      "resolved": "https://registry.npmjs.org/react-qr-reader/-/react-qr-reader-2.2.1.tgz",
      "integrity": "sha512-EL5JEj53u2yAOgtpAKAVBzD/SiKWn0Bl7AZy6ZrSf1lub7xHwtaXe6XSx36Wbhl1VMGmvmrwYMRwO1aSCT2fwA=="
    },
    "react-redux": {
      "version": "5.1.1",
      "resolved": "https://registry.npmjs.org/react-redux/-/react-redux-5.1.1.tgz",
      "integrity": "sha512-LE7Ned+cv5qe7tMV5BPYkGQ5Lpg8gzgItK07c67yHvJ8t0iaD9kPFPAli/mYkiyJYrs2pJgExR2ZgsGqlrOApg=="
    },
    "react-router-dom": {
      "version": "4.3.1",
      "resolved": "https://registry.npmjs.org/react-router-dom/-/react-router-dom-4.3.1.tgz",
      "integrity": "sha512-c/MlywfxDdCp7EnB7YfPMOfMD3tOtIjrQlj/CKfNMBxdmpJP8xcz5P/UAFn3JbnQCNUxsHyVVqllF9LhgVyFCA=="
    },
    "react-scripts": {
      "version": "2.1.8",
      "resolved": "https://registry.npmjs.org/react-scripts/-/react-scripts-2.1.8.tgz",
      "integrity": "sha512-mDC8fYWCyuB9VROti8OCPdHE79UEchVVZmuS/yaIs47VkvZpgZqUvzghYBswZRchqnW0aARNY8xXrzoFRhhK7A=="
    },
    "react-simple-sidenav": {
      "version": "0.1.6",
      "resolved": "https://registry.npmjs.org/react-simple-sidenav/-/react-simple-sidenav-0.1.6.tgz",
      "integrity": "sha1-oTvde3O0SvUkVj9Pprbkg7odxR8="
    },
    "redux": {
      "version": "3.7.2",
      "resolved": "https://registry.npmjs.org/redux/-/redux-3.7.2.tgz",
      "integrity": "sha512-pNqnf9q1hI5HHZRBkj3bAngGZW/JMCmexDlOxw4XagXY2o1327nHH54LoTjiPJ0gizoqPDRqWyX/00g0hD6w+A=="
    },
    "redux-promise": {
      "version": "0.5.3",
      "resolved": "https://registry.npmjs.org/redux-promise/-/redux-promise-0.5.3.tgz",
      "integrity": "sha1-6X5snTvzdurLebq+bZBtogES1tg="
    },
    "redux-thunk": {
      "version": "2.3.0",
      "resolved": "https://registry.npmjs.org/redux-thunk/-/redux-thunk-2.3.0.tgz",
      "integrity": "sha512-km6dclyFnmcvxhAcrQV2AkZmPQjzPDjgVlQtR0EQjxZPyJ0BnMf3in1ryuR8A2qU0HldVRfxYXbFSKlI3N7Slw=="
    },
    "tar": {
      "version": "4.4.8",
      "resolved": "https://registry.npmjs.org/tar/-/tar-4.4.8.tgz",
      "integrity": "sha512-LzHF64s5chPQQS0IYBn9IN5h3i98c12bo4NCO7e0sGM2llXQ3p2FGC5sdENN4cTW48O915Sh+x+EXx7XW96xYQ==",
      "dependencies": {
        "yallist": {
          "version": "3.0.3",
          "resolved": "https://registry.npmjs.org/yallist/-/yallist-3.0.3.tgz",
          "integrity": "sha512-S+Zk8DEWE6oKpV+vI3qWkaK+jSbIK86pCwe2IF/xwIpQ8jEuxpw9NyaGjmp9+BoJv5FV2piqCDcoCtStppiq2A=="
        }
      }
    }
  }
}
